dependencies:
- name: hive-and-hadoop
  repository: file://charts/sf-hive-and-hadoop
  version: 0.1.13
- name: spark-history-server
  repository: file://charts/spark-history-server
  version: 1.4.7
- name: redis
  repository: file://charts/redis
  version: 0.2.16
- name: orc-event-webhook
  repository: file://charts/orc-event-webhook
  version: 0.1.0
- name: orc-event-retry-job
  repository: file://charts/orc-event-retry-job
  version: 0.1.0
digest: sha256:5dbe13b792f5d9fcc8a70f011bab19c465b690aec4002f65da1fe977abf6601f
generated: "2023-10-16T17:52:39.2214113+05:30"
